# This file is automatically @generated by Cargo.
# It is not intended for manual editing.
version = 3

[[package]]
name = "bitflags"
version = "2.4.1"
source = "registry+https://github.com/rust-lang/crates.io-index"
checksum = "327762f6e5a765692301e5bb513e0d9fef63be86bbc14528052b1cd3e6f03e07"

[[package]]
name = "const_panic"
version = "0.2.8"
source = "registry+https://github.com/rust-lang/crates.io-index"
checksum = "6051f239ecec86fde3410901ab7860d458d160371533842974fc61f96d15879b"

[[package]]
name = "jeff"
version = "0.1.0"
dependencies = [
 "bitflags",
 "konst",
]

[[package]]
name = "konst"
version = "0.3.8"
source = "registry+https://github.com/rust-lang/crates.io-index"
checksum = "8d712a8c49d4274f8d8a5cf61368cb5f3c143d149882b1a2918129e53395fdb0"
dependencies = [
 "const_panic",
 "konst_kernel",
 "konst_proc_macros",
 "typewit",
]

[[package]]
name = "konst_kernel"
version = "0.3.8"
source = "registry+https://github.com/rust-lang/crates.io-index"
checksum = "dac6ea8c376b6e208a81cf39b8e82bebf49652454d98a4829e907dac16ef1790"
dependencies = [
 "typewit",
]

[[package]]
name = "konst_proc_macros"
version = "0.3.0"
source = "registry+https://github.com/rust-lang/crates.io-index"
checksum = "4e28ab1dc35e09d60c2b8c90d12a9a8d9666c876c10a3739a3196db0103b6043"

[[package]]
name = "typewit"
version = "1.8.0"
source = "registry+https://github.com/rust-lang/crates.io-index"
checksum = "6779a69cc5f9a7388274a0a8a353eb1c9e45195f9ae74a26690b055a7cf9592a"
dependencies = [
 "typewit_proc_macros",
]

[[package]]
name = "typewit_proc_macros"
version = "1.8.1"
source = "registry+https://github.com/rust-lang/crates.io-index"
checksum = "e36a83ea2b3c704935a01b4642946aadd445cea40b10935e3f8bd8052b8193d6"
